// !$*UTF8*$!
{
	archiveVersion = 1;
	classes = {
	};
	objectVersion = 48;
	objects = {

/* Begin PBXBuildFile section */
		8409218A1F5FE17E00D398F3 /* ItemsFactory.swift in Sources */ = {isa = PBXBuildFile; fileRef = 848CED4A1F5FE15900E33424 /* ItemsFactory.swift */; };
		8448D99A1F5972CD004033DE /* PickL.h in Headers */ = {isa = PBXBuildFile; fileRef = 8448D9711F5971F4004033DE /* PickL.h */; settings = {ATTRIBUTES = (Public, ); }; };
		848CED471F5FB2DE00E33424 /* PickLTests.swift in Sources */ = {isa = PBXBuildFile; fileRef = 84E9452F1F5EBA4D00DFDB0D /* PickLTests.swift */; };
		848CED491F5FCE6700E33424 /* ComponentItemTests.swift in Sources */ = {isa = PBXBuildFile; fileRef = 848CED481F5FCE6700E33424 /* ComponentItemTests.swift */; };
		84B9EADE1F5FF496003E68D8 /* RowAttributedStringItem.swift in Sources */ = {isa = PBXBuildFile; fileRef = 84B9EADD1F5FF496003E68D8 /* RowAttributedStringItem.swift */; };
		84B9EAE01F5FF596003E68D8 /* RowItem.swift in Sources */ = {isa = PBXBuildFile; fileRef = 84B9EADF1F5FF596003E68D8 /* RowItem.swift */; };
		84E945261F5EB98300DFDB0D /* PickL.framework in Frameworks */ = {isa = PBXBuildFile; fileRef = 8448D94F1F596EB4004033DE /* PickL.framework */; };
		84E945321F5EBC8E00DFDB0D /* SelectionTests.swift in Sources */ = {isa = PBXBuildFile; fileRef = 84E945311F5EBC8E00DFDB0D /* SelectionTests.swift */; };
		84F9A5F91F59B4F700EA0DA3 /* Adaptor.swift in Sources */ = {isa = PBXBuildFile; fileRef = 8448D99C1F597301004033DE /* Adaptor.swift */; };
		84F9A5FA1F59B4F700EA0DA3 /* StringAdaptor.swift in Sources */ = {isa = PBXBuildFile; fileRef = 8448D99D1F597301004033DE /* StringAdaptor.swift */; };
		84F9A5FB1F59B4F700EA0DA3 /* ViewAdaptor.swift in Sources */ = {isa = PBXBuildFile; fileRef = 8448D99E1F597301004033DE /* ViewAdaptor.swift */; };
		84F9A5FC1F59B4FC00EA0DA3 /* ClosureWrapper.swift in Sources */ = {isa = PBXBuildFile; fileRef = 8448D99F1F59730C004033DE /* ClosureWrapper.swift */; };
		84F9A5FD1F59B50800EA0DA3 /* ComponentItem.swift in Sources */ = {isa = PBXBuildFile; fileRef = 8448D9A01F597321004033DE /* ComponentItem.swift */; };
		84F9A5FE1F59B50C00EA0DA3 /* Foundation+RowItem.swift in Sources */ = {isa = PBXBuildFile; fileRef = 8448D9A21F597337004033DE /* Foundation+RowItem.swift */; };
		84F9A5FF1F59B50C00EA0DA3 /* UIView+RowItem.swift in Sources */ = {isa = PBXBuildFile; fileRef = 8448D9A11F597337004033DE /* UIView+RowItem.swift */; };
		84F9A6001F59B51000EA0DA3 /* RowStringItem.swift in Sources */ = {isa = PBXBuildFile; fileRef = 8448D9A61F597367004033DE /* RowStringItem.swift */; };
		84F9A6011F59B51300EA0DA3 /* RowItemProtocol.swift in Sources */ = {isa = PBXBuildFile; fileRef = 8448D9A51F597360004033DE /* RowItemProtocol.swift */; };
		84F9A6021F59B51300EA0DA3 /* RowStringItemProtocol.swift in Sources */ = {isa = PBXBuildFile; fileRef = 8448D9A41F597360004033DE /* RowStringItemProtocol.swift */; };
		84F9A6031F59B51300EA0DA3 /* RowViewItemProtocol.swift in Sources */ = {isa = PBXBuildFile; fileRef = 8448D9A31F597360004033DE /* RowViewItemProtocol.swift */; };
		84F9A6041F59B51B00EA0DA3 /* PickL.swift in Sources */ = {isa = PBXBuildFile; fileRef = 8448D9931F59726B004033DE /* PickL.swift */; };
/* End PBXBuildFile section */

/* Begin PBXContainerItemProxy section */
		84E945271F5EB98300DFDB0D /* PBXContainerItemProxy */ = {
			isa = PBXContainerItemProxy;
			containerPortal = 8448D9461F596EB4004033DE /* Project object */;
			proxyType = 1;
			remoteGlobalIDString = 8448D94E1F596EB4004033DE;
			remoteInfo = PickL;
		};
/* End PBXContainerItemProxy section */

/* Begin PBXFileReference section */
		8448D94F1F596EB4004033DE /* PickL.framework */ = {isa = PBXFileReference; explicitFileType = wrapper.framework; includeInIndex = 0; path = PickL.framework; sourceTree = BUILT_PRODUCTS_DIR; };
		8448D9701F5971F4004033DE /* Info.plist */ = {isa = PBXFileReference; lastKnownFileType = text.plist.xml; path = Info.plist; sourceTree = "<group>"; };
		8448D9711F5971F4004033DE /* PickL.h */ = {isa = PBXFileReference; lastKnownFileType = sourcecode.c.h; path = PickL.h; sourceTree = "<group>"; };
		8448D9931F59726B004033DE /* PickL.swift */ = {isa = PBXFileReference; lastKnownFileType = sourcecode.swift; path = PickL.swift; sourceTree = "<group>"; };
		8448D99C1F597301004033DE /* Adaptor.swift */ = {isa = PBXFileReference; lastKnownFileType = sourcecode.swift; name = Adaptor.swift; path = Sources/PickL/Adaptor.swift; sourceTree = SOURCE_ROOT; };
		8448D99D1F597301004033DE /* StringAdaptor.swift */ = {isa = PBXFileReference; lastKnownFileType = sourcecode.swift; name = StringAdaptor.swift; path = Sources/PickL/StringAdaptor.swift; sourceTree = SOURCE_ROOT; };
		8448D99E1F597301004033DE /* ViewAdaptor.swift */ = {isa = PBXFileReference; lastKnownFileType = sourcecode.swift; name = ViewAdaptor.swift; path = Sources/PickL/ViewAdaptor.swift; sourceTree = SOURCE_ROOT; };
		8448D99F1F59730C004033DE /* ClosureWrapper.swift */ = {isa = PBXFileReference; lastKnownFileType = sourcecode.swift; name = ClosureWrapper.swift; path = Sources/PickL/ClosureWrapper.swift; sourceTree = SOURCE_ROOT; };
		8448D9A01F597321004033DE /* ComponentItem.swift */ = {isa = PBXFileReference; lastKnownFileType = sourcecode.swift; name = ComponentItem.swift; path = Sources/PickL/ComponentItem.swift; sourceTree = SOURCE_ROOT; };
		8448D9A11F597337004033DE /* UIView+RowItem.swift */ = {isa = PBXFileReference; lastKnownFileType = sourcecode.swift; name = "UIView+RowItem.swift"; path = "Sources/PickL/UIView+RowItem.swift"; sourceTree = SOURCE_ROOT; };
		8448D9A21F597337004033DE /* Foundation+RowItem.swift */ = {isa = PBXFileReference; lastKnownFileType = sourcecode.swift; name = "Foundation+RowItem.swift"; path = "Sources/PickL/Foundation+RowItem.swift"; sourceTree = SOURCE_ROOT; };
		8448D9A31F597360004033DE /* RowViewItemProtocol.swift */ = {isa = PBXFileReference; lastKnownFileType = sourcecode.swift; name = RowViewItemProtocol.swift; path = Sources/PickL/RowViewItemProtocol.swift; sourceTree = SOURCE_ROOT; };
		8448D9A41F597360004033DE /* RowStringItemProtocol.swift */ = {isa = PBXFileReference; lastKnownFileType = sourcecode.swift; name = RowStringItemProtocol.swift; path = Sources/PickL/RowStringItemProtocol.swift; sourceTree = SOURCE_ROOT; };
		8448D9A51F597360004033DE /* RowItemProtocol.swift */ = {isa = PBXFileReference; lastKnownFileType = sourcecode.swift; name = RowItemProtocol.swift; path = Sources/PickL/RowItemProtocol.swift; sourceTree = SOURCE_ROOT; };
		8448D9A61F597367004033DE /* RowStringItem.swift */ = {isa = PBXFileReference; lastKnownFileType = sourcecode.swift; name = RowStringItem.swift; path = Sources/PickL/RowStringItem.swift; sourceTree = SOURCE_ROOT; };
		848CED481F5FCE6700E33424 /* ComponentItemTests.swift */ = {isa = PBXFileReference; lastKnownFileType = sourcecode.swift; path = ComponentItemTests.swift; sourceTree = "<group>"; };
		848CED4A1F5FE15900E33424 /* ItemsFactory.swift */ = {isa = PBXFileReference; lastKnownFileType = sourcecode.swift; path = ItemsFactory.swift; sourceTree = "<group>"; };
		84B9EADD1F5FF496003E68D8 /* RowAttributedStringItem.swift */ = {isa = PBXFileReference; lastKnownFileType = sourcecode.swift; name = RowAttributedStringItem.swift; path = Sources/PickL/RowAttributedStringItem.swift; sourceTree = SOURCE_ROOT; };
		84B9EADF1F5FF596003E68D8 /* RowItem.swift */ = {isa = PBXFileReference; lastKnownFileType = sourcecode.swift; name = RowItem.swift; path = Sources/PickL/RowItem.swift; sourceTree = SOURCE_ROOT; };
		84E945211F5EB98300DFDB0D /* PickLTests.xctest */ = {isa = PBXFileReference; explicitFileType = wrapper.cfbundle; includeInIndex = 0; path = PickLTests.xctest; sourceTree = BUILT_PRODUCTS_DIR; };
		84E9452E1F5EBA4D00DFDB0D /* Info.plist */ = {isa = PBXFileReference; lastKnownFileType = text.plist.xml; path = Info.plist; sourceTree = "<group>"; };
		84E9452F1F5EBA4D00DFDB0D /* PickLTests.swift */ = {isa = PBXFileReference; lastKnownFileType = sourcecode.swift; path = PickLTests.swift; sourceTree = "<group>"; };
		84E945301F5EBC8E00DFDB0D /* PickLTests-Bridging-Header.h */ = {isa = PBXFileReference; lastKnownFileType = sourcecode.c.h; path = "PickLTests-Bridging-Header.h"; sourceTree = "<group>"; };
		84E945311F5EBC8E00DFDB0D /* SelectionTests.swift */ = {isa = PBXFileReference; lastKnownFileType = sourcecode.swift; path = SelectionTests.swift; sourceTree = "<group>"; };
		84EB3A071F5D6BCE00DEEAEA /* README.md */ = {isa = PBXFileReference; lastKnownFileType = net.daringfireball.markdown; path = README.md; sourceTree = "<group>"; };
/* End PBXFileReference section */

/* Begin PBXFrameworksBuildPhase section */
		8448D94B1F596EB4004033DE /* Frameworks */ = {
			isa = PBXFrameworksBuildPhase;
			buildActionMask = 2147483647;
			files = (
			);
			runOnlyForDeploymentPostprocessing = 0;
		};
		84E9451E1F5EB98300DFDB0D /* Frameworks */ = {
			isa = PBXFrameworksBuildPhase;
			buildActionMask = 2147483647;
			files = (
				84E945261F5EB98300DFDB0D /* PickL.framework in Frameworks */,
			);
			runOnlyForDeploymentPostprocessing = 0;
		};
/* End PBXFrameworksBuildPhase section */

/* Begin PBXGroup section */
		8448D9451F596EB4004033DE = {
			isa = PBXGroup;
			children = (
				84EB3A071F5D6BCE00DEEAEA /* README.md */,
				8448D95B1F5971F3004033DE /* Sources */,
				84E9452C1F5EBA4D00DFDB0D /* Tests */,
				8448D9501F596EB4004033DE /* Products */,
			);
			sourceTree = "<group>";
		};
		8448D9501F596EB4004033DE /* Products */ = {
			isa = PBXGroup;
			children = (
				8448D94F1F596EB4004033DE /* PickL.framework */,
				84E945211F5EB98300DFDB0D /* PickLTests.xctest */,
			);
			name = Products;
			sourceTree = "<group>";
		};
		8448D95B1F5971F3004033DE /* Sources */ = {
			isa = PBXGroup;
			children = (
				8448D9871F59726B004033DE /* PickL */,
				8448D96F1F5971F4004033DE /* Supporting Files */,
			);
			path = Sources;
			sourceTree = "<group>";
		};
		8448D96F1F5971F4004033DE /* Supporting Files */ = {
			isa = PBXGroup;
			children = (
				8448D9701F5971F4004033DE /* Info.plist */,
				8448D9711F5971F4004033DE /* PickL.h */,
			);
			path = "Supporting Files";
			sourceTree = "<group>";
		};
		8448D9871F59726B004033DE /* PickL */ = {
			isa = PBXGroup;
			children = (
				8448D9881F59726B004033DE /* Adaptors */,
				8448D98C1F59726B004033DE /* Additions */,
				8448D98E1F59726B004033DE /* Component */,
				8448D9901F59726B004033DE /* Extensions */,
				8448D9941F59726B004033DE /* Row */,
				8448D9931F59726B004033DE /* PickL.swift */,
			);
			path = PickL;
			sourceTree = "<group>";
		};
		8448D9881F59726B004033DE /* Adaptors */ = {
			isa = PBXGroup;
			children = (
				8448D99C1F597301004033DE /* Adaptor.swift */,
				8448D99D1F597301004033DE /* StringAdaptor.swift */,
				8448D99E1F597301004033DE /* ViewAdaptor.swift */,
			);
			path = Adaptors;
			sourceTree = "<group>";
		};
		8448D98C1F59726B004033DE /* Additions */ = {
			isa = PBXGroup;
			children = (
				8448D99F1F59730C004033DE /* ClosureWrapper.swift */,
			);
			path = Additions;
			sourceTree = "<group>";
		};
		8448D98E1F59726B004033DE /* Component */ = {
			isa = PBXGroup;
			children = (
				8448D9A01F597321004033DE /* ComponentItem.swift */,
			);
			path = Component;
			sourceTree = "<group>";
		};
		8448D9901F59726B004033DE /* Extensions */ = {
			isa = PBXGroup;
			children = (
				8448D9A21F597337004033DE /* Foundation+RowItem.swift */,
				8448D9A11F597337004033DE /* UIView+RowItem.swift */,
			);
			path = Extensions;
			sourceTree = "<group>";
		};
		8448D9941F59726B004033DE /* Row */ = {
			isa = PBXGroup;
			children = (
				8448D9951F59726B004033DE /* Protocols */,
				84B9EADF1F5FF596003E68D8 /* RowItem.swift */,
				8448D9A61F597367004033DE /* RowStringItem.swift */,
				84B9EADD1F5FF496003E68D8 /* RowAttributedStringItem.swift */,
			);
			path = Row;
			sourceTree = "<group>";
		};
		8448D9951F59726B004033DE /* Protocols */ = {
			isa = PBXGroup;
			children = (
				8448D9A51F597360004033DE /* RowItemProtocol.swift */,
				8448D9A41F597360004033DE /* RowStringItemProtocol.swift */,
				8448D9A31F597360004033DE /* RowViewItemProtocol.swift */,
			);
			path = Protocols;
			sourceTree = "<group>";
		};
		84E9452C1F5EBA4D00DFDB0D /* Tests */ = {
			isa = PBXGroup;
			children = (
				84E9452F1F5EBA4D00DFDB0D /* PickLTests.swift */,
				84E945311F5EBC8E00DFDB0D /* SelectionTests.swift */,
				848CED481F5FCE6700E33424 /* ComponentItemTests.swift */,
				848CED4A1F5FE15900E33424 /* ItemsFactory.swift */,
				84E9452D1F5EBA4D00DFDB0D /* Supporting Files */,
			);
			path = Tests;
			sourceTree = "<group>";
		};
		84E9452D1F5EBA4D00DFDB0D /* Supporting Files */ = {
			isa = PBXGroup;
			children = (
				84E9452E1F5EBA4D00DFDB0D /* Info.plist */,
				84E945301F5EBC8E00DFDB0D /* PickLTests-Bridging-Header.h */,
			);
			path = "Supporting Files";
			sourceTree = "<group>";
		};
/* End PBXGroup section */

/* Begin PBXHeadersBuildPhase section */
		8448D94C1F596EB4004033DE /* Headers */ = {
			isa = PBXHeadersBuildPhase;
			buildActionMask = 2147483647;
			files = (
				8448D99A1F5972CD004033DE /* PickL.h in Headers */,
			);
			runOnlyForDeploymentPostprocessing = 0;
		};
/* End PBXHeadersBuildPhase section */

/* Begin PBXNativeTarget section */
		8448D94E1F596EB4004033DE /* PickL */ = {
			isa = PBXNativeTarget;
			buildConfigurationList = 8448D9571F596EB4004033DE /* Build configuration list for PBXNativeTarget "PickL" */;
			buildPhases = (
				8448D94A1F596EB4004033DE /* Sources */,
				8448D94B1F596EB4004033DE /* Frameworks */,
				8448D94C1F596EB4004033DE /* Headers */,
				8448D94D1F596EB4004033DE /* Resources */,
				8409218C1F5FE33F00D398F3 /* ShellScript */,
			);
			buildRules = (
			);
			dependencies = (
			);
			name = PickL;
			productName = PickL;
			productReference = 8448D94F1F596EB4004033DE /* PickL.framework */;
			productType = "com.apple.product-type.framework";
		};
		84E945201F5EB98300DFDB0D /* PickLTests */ = {
			isa = PBXNativeTarget;
			buildConfigurationList = 84E9452B1F5EB98300DFDB0D /* Build configuration list for PBXNativeTarget "PickLTests" */;
			buildPhases = (
				84E9451D1F5EB98300DFDB0D /* Sources */,
				84E9451E1F5EB98300DFDB0D /* Frameworks */,
				84E9451F1F5EB98300DFDB0D /* Resources */,
			);
			buildRules = (
			);
			dependencies = (
				84E945281F5EB98300DFDB0D /* PBXTargetDependency */,
			);
			name = PickLTests;
			productName = PickLTests;
			productReference = 84E945211F5EB98300DFDB0D /* PickLTests.xctest */;
			productType = "com.apple.product-type.bundle.unit-test";
		};
/* End PBXNativeTarget section */

/* Begin PBXProject section */
		8448D9461F596EB4004033DE /* Project object */ = {
			isa = PBXProject;
			attributes = {
				LastSwiftUpdateCheck = 0900;
				LastUpgradeCheck = 0900;
				ORGANIZATIONNAME = Rosberry;
				TargetAttributes = {
					8448D94E1F596EB4004033DE = {
						CreatedOnToolsVersion = 9.0;
						LastSwiftMigration = 0900;
					};
					84E945201F5EB98300DFDB0D = {
						CreatedOnToolsVersion = 9.0;
						LastSwiftMigration = 0900;
						ProvisioningStyle = Automatic;
					};
				};
			};
			buildConfigurationList = 8448D9491F596EB4004033DE /* Build configuration list for PBXProject "PickL" */;
			compatibilityVersion = "Xcode 8.0";
			developmentRegion = en;
			hasScannedForEncodings = 0;
			knownRegions = (
				en,
			);
			mainGroup = 8448D9451F596EB4004033DE;
			productRefGroup = 8448D9501F596EB4004033DE /* Products */;
			projectDirPath = "";
			projectRoot = "";
			targets = (
				8448D94E1F596EB4004033DE /* PickL */,
				84E945201F5EB98300DFDB0D /* PickLTests */,
			);
		};
/* End PBXProject section */

/* Begin PBXResourcesBuildPhase section */
		8448D94D1F596EB4004033DE /* Resources */ = {
			isa = PBXResourcesBuildPhase;
			buildActionMask = 2147483647;
			files = (
			);
			runOnlyForDeploymentPostprocessing = 0;
		};
		84E9451F1F5EB98300DFDB0D /* Resources */ = {
			isa = PBXResourcesBuildPhase;
			buildActionMask = 2147483647;
			files = (
			);
			runOnlyForDeploymentPostprocessing = 0;
		};
/* End PBXResourcesBuildPhase section */

/* Begin PBXShellScriptBuildPhase section */
		8409218C1F5FE33F00D398F3 /* ShellScript */ = {
			isa = PBXShellScriptBuildPhase;
			buildActionMask = 2147483647;
			files = (
			);
			inputPaths = (
			);
			outputPaths = (
			);
			runOnlyForDeploymentPostprocessing = 0;
			shellPath = /bin/sh;
			shellScript = "if which swiftlint >/dev/null; then\n    swiftlint\nelse\n    echo \"warning: SwiftLint not installed, download from https://github.com/realm/SwiftLint\"\nfi";
		};
/* End PBXShellScriptBuildPhase section */

/* Begin PBXSourcesBuildPhase section */
		8448D94A1F596EB4004033DE /* Sources */ = {
			isa = PBXSourcesBuildPhase;
			buildActionMask = 2147483647;
			files = (
				84F9A5FD1F59B50800EA0DA3 /* ComponentItem.swift in Sources */,
				84B9EAE01F5FF596003E68D8 /* RowItem.swift in Sources */,
				84F9A6041F59B51B00EA0DA3 /* PickL.swift in Sources */,
				84F9A5FF1F59B50C00EA0DA3 /* UIView+RowItem.swift in Sources */,
				84F9A6031F59B51300EA0DA3 /* RowViewItemProtocol.swift in Sources */,
				84F9A6011F59B51300EA0DA3 /* RowItemProtocol.swift in Sources */,
				84F9A5FB1F59B4F700EA0DA3 /* ViewAdaptor.swift in Sources */,
				84F9A6021F59B51300EA0DA3 /* RowStringItemProtocol.swift in Sources */,
				84F9A5FE1F59B50C00EA0DA3 /* Foundation+RowItem.swift in Sources */,
				84F9A6001F59B51000EA0DA3 /* RowStringItem.swift in Sources */,
				84B9EADE1F5FF496003E68D8 /* RowAttributedStringItem.swift in Sources */,
				84F9A5FC1F59B4FC00EA0DA3 /* ClosureWrapper.swift in Sources */,
				84F9A5FA1F59B4F700EA0DA3 /* StringAdaptor.swift in Sources */,
				84F9A5F91F59B4F700EA0DA3 /* Adaptor.swift in Sources */,
			);
			runOnlyForDeploymentPostprocessing = 0;
		};
		84E9451D1F5EB98300DFDB0D /* Sources */ = {
			isa = PBXSourcesBuildPhase;
			buildActionMask = 2147483647;
			files = (
				848CED491F5FCE6700E33424 /* ComponentItemTests.swift in Sources */,
				848CED471F5FB2DE00E33424 /* PickLTests.swift in Sources */,
				84E945321F5EBC8E00DFDB0D /* SelectionTests.swift in Sources */,
				8409218A1F5FE17E00D398F3 /* ItemsFactory.swift in Sources */,
			);
			runOnlyForDeploymentPostprocessing = 0;
		};
/* End PBXSourcesBuildPhase section */

/* Begin PBXTargetDependency section */
		84E945281F5EB98300DFDB0D /* PBXTargetDependency */ = {
			isa = PBXTargetDependency;
			target = 8448D94E1F596EB4004033DE /* PickL */;
			targetProxy = 84E945271F5EB98300DFDB0D /* PBXContainerItemProxy */;
		};
/* End PBXTargetDependency section */

/* Begin XCBuildConfiguration section */
		8448D9551F596EB4004033DE /* Debug */ = {
			isa = XCBuildConfiguration;
			buildSettings = {
				ALWAYS_SEARCH_USER_PATHS = NO;
				CLANG_ANALYZER_NONNULL = YES;
				CLANG_ANALYZER_NUMBER_OBJECT_CONVERSION = YES_AGGRESSIVE;
				CLANG_CXX_LANGUAGE_STANDARD = "gnu++14";
				CLANG_CXX_LIBRARY = "libc++";
				CLANG_ENABLE_MODULES = YES;
				CLANG_ENABLE_OBJC_ARC = YES;
				CLANG_WARN_BLOCK_CAPTURE_AUTORELEASING = YES;
				CLANG_WARN_BOOL_CONVERSION = YES;
				CLANG_WARN_COMMA = YES;
				CLANG_WARN_CONSTANT_CONVERSION = YES;
				CLANG_WARN_DIRECT_OBJC_ISA_USAGE = YES_ERROR;
				CLANG_WARN_DOCUMENTATION_COMMENTS = YES;
				CLANG_WARN_EMPTY_BODY = YES;
				CLANG_WARN_ENUM_CONVERSION = YES;
				CLANG_WARN_INFINITE_RECURSION = YES;
				CLANG_WARN_INT_CONVERSION = YES;
				CLANG_WARN_NON_LITERAL_NULL_CONVERSION = YES;
				CLANG_WARN_OBJC_LITERAL_CONVERSION = YES;
				CLANG_WARN_OBJC_ROOT_CLASS = YES_ERROR;
				CLANG_WARN_RANGE_LOOP_ANALYSIS = YES;
				CLANG_WARN_STRICT_PROTOTYPES = YES;
				CLANG_WARN_SUSPICIOUS_MOVE = YES;
				CLANG_WARN_UNGUARDED_AVAILABILITY = YES_AGGRESSIVE;
				CLANG_WARN_UNREACHABLE_CODE = YES;
				CLANG_WARN__DUPLICATE_METHOD_MATCH = YES;
				CODE_SIGN_IDENTITY = "iPhone Developer";
				COPY_PHASE_STRIP = NO;
				CURRENT_PROJECT_VERSION = 1;
				DEBUG_INFORMATION_FORMAT = dwarf;
				ENABLE_STRICT_OBJC_MSGSEND = YES;
				ENABLE_TESTABILITY = YES;
				GCC_C_LANGUAGE_STANDARD = gnu11;
				GCC_DYNAMIC_NO_PIC = NO;
				GCC_NO_COMMON_BLOCKS = YES;
				GCC_OPTIMIZATION_LEVEL = 0;
				GCC_PREPROCESSOR_DEFINITIONS = (
					"DEBUG=1",
					"$(inherited)",
				);
				GCC_WARN_64_TO_32_BIT_CONVERSION = YES;
				GCC_WARN_ABOUT_RETURN_TYPE = YES_ERROR;
				GCC_WARN_UNDECLARED_SELECTOR = YES;
				GCC_WARN_UNINITIALIZED_AUTOS = YES_AGGRESSIVE;
				GCC_WARN_UNUSED_FUNCTION = YES;
				GCC_WARN_UNUSED_VARIABLE = YES;
				IPHONEOS_DEPLOYMENT_TARGET = 11.0;
				MTL_ENABLE_DEBUG_INFO = YES;
				ONLY_ACTIVE_ARCH = YES;
				SDKROOT = iphoneos;
				SWIFT_ACTIVE_COMPILATION_CONDITIONS = DEBUG;
				SWIFT_OPTIMIZATION_LEVEL = "-Onone";
				VERSIONING_SYSTEM = "apple-generic";
				VERSION_INFO_PREFIX = "";
			};
			name = Debug;
		};
		8448D9561F596EB4004033DE /* Release */ = {
			isa = XCBuildConfiguration;
			buildSettings = {
				ALWAYS_SEARCH_USER_PATHS = NO;
				CLANG_ANALYZER_NONNULL = YES;
				CLANG_ANALYZER_NUMBER_OBJECT_CONVERSION = YES_AGGRESSIVE;
				CLANG_CXX_LANGUAGE_STANDARD = "gnu++14";
				CLANG_CXX_LIBRARY = "libc++";
				CLANG_ENABLE_MODULES = YES;
				CLANG_ENABLE_OBJC_ARC = YES;
				CLANG_WARN_BLOCK_CAPTURE_AUTORELEASING = YES;
				CLANG_WARN_BOOL_CONVERSION = YES;
				CLANG_WARN_COMMA = YES;
				CLANG_WARN_CONSTANT_CONVERSION = YES;
				CLANG_WARN_DIRECT_OBJC_ISA_USAGE = YES_ERROR;
				CLANG_WARN_DOCUMENTATION_COMMENTS = YES;
				CLANG_WARN_EMPTY_BODY = YES;
				CLANG_WARN_ENUM_CONVERSION = YES;
				CLANG_WARN_INFINITE_RECURSION = YES;
				CLANG_WARN_INT_CONVERSION = YES;
				CLANG_WARN_NON_LITERAL_NULL_CONVERSION = YES;
				CLANG_WARN_OBJC_LITERAL_CONVERSION = YES;
				CLANG_WARN_OBJC_ROOT_CLASS = YES_ERROR;
				CLANG_WARN_RANGE_LOOP_ANALYSIS = YES;
				CLANG_WARN_STRICT_PROTOTYPES = YES;
				CLANG_WARN_SUSPICIOUS_MOVE = YES;
				CLANG_WARN_UNGUARDED_AVAILABILITY = YES_AGGRESSIVE;
				CLANG_WARN_UNREACHABLE_CODE = YES;
				CLANG_WARN__DUPLICATE_METHOD_MATCH = YES;
				CODE_SIGN_IDENTITY = "iPhone Developer";
				COPY_PHASE_STRIP = NO;
				CURRENT_PROJECT_VERSION = 1;
				DEBUG_INFORMATION_FORMAT = "dwarf-with-dsym";
				ENABLE_NS_ASSERTIONS = NO;
				ENABLE_STRICT_OBJC_MSGSEND = YES;
				GCC_C_LANGUAGE_STANDARD = gnu11;
				GCC_NO_COMMON_BLOCKS = YES;
				GCC_WARN_64_TO_32_BIT_CONVERSION = YES;
				GCC_WARN_ABOUT_RETURN_TYPE = YES_ERROR;
				GCC_WARN_UNDECLARED_SELECTOR = YES;
				GCC_WARN_UNINITIALIZED_AUTOS = YES_AGGRESSIVE;
				GCC_WARN_UNUSED_FUNCTION = YES;
				GCC_WARN_UNUSED_VARIABLE = YES;
				IPHONEOS_DEPLOYMENT_TARGET = 11.0;
				MTL_ENABLE_DEBUG_INFO = NO;
				SDKROOT = iphoneos;
				SWIFT_OPTIMIZATION_LEVEL = "-Owholemodule";
				VALIDATE_PRODUCT = YES;
				VERSIONING_SYSTEM = "apple-generic";
				VERSION_INFO_PREFIX = "";
			};
			name = Release;
		};
		8448D9581F596EB4004033DE /* Debug */ = {
			isa = XCBuildConfiguration;
			buildSettings = {
				APPLICATION_EXTENSION_API_ONLY = YES;
				CLANG_ENABLE_MODULES = YES;
				CODE_SIGN_IDENTITY = "";
				DEFINES_MODULE = YES;
				DEVELOPMENT_TEAM = GPVA8JVMU3;
				DYLIB_COMPATIBILITY_VERSION = 1;
				DYLIB_CURRENT_VERSION = 1;
				DYLIB_INSTALL_NAME_BASE = "@rpath";
				INFOPLIST_FILE = "$(SRCROOT)/Sources/Supporting Files/Info.plist";
				INSTALL_PATH = "$(LOCAL_LIBRARY_DIR)/Frameworks";
				IPHONEOS_DEPLOYMENT_TARGET = 9.0;
				LD_RUNPATH_SEARCH_PATHS = "$(inherited) @executable_path/Frameworks @loader_path/Frameworks";
				PRODUCT_BUNDLE_IDENTIFIER = com.rosberry.PickL;
				PRODUCT_NAME = "$(TARGET_NAME:c99extidentifier)";
				SKIP_INSTALL = YES;
				SWIFT_OPTIMIZATION_LEVEL = "-Onone";
				SWIFT_VERSION = 4.0;
				TARGETED_DEVICE_FAMILY = "1,2";
			};
			name = Debug;
		};
		8448D9591F596EB4004033DE /* Release */ = {
			isa = XCBuildConfiguration;
			buildSettings = {
				APPLICATION_EXTENSION_API_ONLY = YES;
				CLANG_ENABLE_MODULES = YES;
				CODE_SIGN_IDENTITY = "";
				DEFINES_MODULE = YES;
				DEVELOPMENT_TEAM = GPVA8JVMU3;
				DYLIB_COMPATIBILITY_VERSION = 1;
				DYLIB_CURRENT_VERSION = 1;
				DYLIB_INSTALL_NAME_BASE = "@rpath";
				INFOPLIST_FILE = "$(SRCROOT)/Sources/Supporting Files/Info.plist";
				INSTALL_PATH = "$(LOCAL_LIBRARY_DIR)/Frameworks";
				IPHONEOS_DEPLOYMENT_TARGET = 9.0;
				LD_RUNPATH_SEARCH_PATHS = "$(inherited) @executable_path/Frameworks @loader_path/Frameworks";
				PRODUCT_BUNDLE_IDENTIFIER = com.rosberry.PickL;
				PRODUCT_NAME = "$(TARGET_NAME:c99extidentifier)";
				SKIP_INSTALL = YES;
				SWIFT_VERSION = 4.0;
				TARGETED_DEVICE_FAMILY = "1,2";
			};
			name = Release;
		};
		84E945291F5EB98300DFDB0D /* Debug */ = {
			isa = XCBuildConfiguration;
			buildSettings = {
				CLANG_ENABLE_MODULES = YES;
				CODE_SIGN_STYLE = Automatic;
				DEVELOPMENT_TEAM = GPVA8JVMU3;
				INFOPLIST_FILE = "Tests/Supporting Files/Info.plist";
				LD_RUNPATH_SEARCH_PATHS = "$(inherited) @executable_path/Frameworks @loader_path/Frameworks";
				PRODUCT_BUNDLE_IDENTIFIER = com.rosberry.PickLTests;
				PRODUCT_NAME = "$(TARGET_NAME)";
				SWIFT_OBJC_BRIDGING_HEADER = "Tests/Supporting Files/PickLTests-Bridging-Header.h";
				SWIFT_OPTIMIZATION_LEVEL = "-Onone";
				SWIFT_VERSION = 4.0;
				TARGETED_DEVICE_FAMILY = "1,2";
			};
			name = Debug;
		};
		84E9452A1F5EB98300DFDB0D /* Release */ = {
			isa = XCBuildConfiguration;
			buildSettings = {
				CLANG_ENABLE_MODULES = YES;
				CODE_SIGN_STYLE = Automatic;
				DEVELOPMENT_TEAM = GPVA8JVMU3;
				INFOPLIST_FILE = "Tests/Supporting Files/Info.plist";
				LD_RUNPATH_SEARCH_PATHS = "$(inherited) @executable_path/Frameworks @loader_path/Frameworks";
				PRODUCT_BUNDLE_IDENTIFIER = com.rosberry.PickLTests;
				PRODUCT_NAME = "$(TARGET_NAME)";
				SWIFT_OBJC_BRIDGING_HEADER = "Tests/Supporting Files/PickLTests-Bridging-Header.h";
				SWIFT_VERSION = 4.0;
				TARGETED_DEVICE_FAMILY = "1,2";
			};
			name = Release;
		};
/* End XCBuildConfiguration section */

/* Begin XCConfigurationList section */
		8448D9491F596EB4004033DE /* Build configuration list for PBXProject "PickL" */ = {
			isa = XCConfigurationList;
			buildConfigurations = (
				8448D9551F596EB4004033DE /* Debug */,
				8448D9561F596EB4004033DE /* Release */,
			);
			defaultConfigurationIsVisible = 0;
			defaultConfigurationName = Release;
		};
		8448D9571F596EB4004033DE /* Build configuration list for PBXNativeTarget "PickL" */ = {
			isa = XCConfigurationList;
			buildConfigurations = (
				8448D9581F596EB4004033DE /* Debug */,
				8448D9591F596EB4004033DE /* Release */,
			);
			defaultConfigurationIsVisible = 0;
			defaultConfigurationName = Release;
		};
		84E9452B1F5EB98300DFDB0D /* Build configuration list for PBXNativeTarget "PickLTests" */ = {
			isa = XCConfigurationList;
			buildConfigurations = (
				84E945291F5EB98300DFDB0D /* Debug */,
				84E9452A1F5EB98300DFDB0D /* Release */,
			);
			defaultConfigurationIsVisible = 0;
			defaultConfigurationName = Release;
		};
/* End XCConfigurationList section */
	};
	rootObject = 8448D9461F596EB4004033DE /* Project object */;
}
