// !$*UTF8*$!
{
	archiveVersion = 1;
	classes = {
	};
	objectVersion = 48;
	objects = {

/* Begin PBXBuildFile section */
		8448D9B41F5973F0004033DE /* AppDelegate.swift in Sources */ = {isa = PBXBuildFile; fileRef = 8448D9B31F5973F0004033DE /* AppDelegate.swift */; };
		8448D9B61F5973F0004033DE /* ViewController.swift in Sources */ = {isa = PBXBuildFile; fileRef = 8448D9B51F5973F0004033DE /* ViewController.swift */; };
		8448D9B91F5973F0004033DE /* Main.storyboard in Resources */ = {isa = PBXBuildFile; fileRef = 8448D9B71F5973F0004033DE /* Main.storyboard */; };
		8448D9BB1F5973F0004033DE /* Assets.xcassets in Resources */ = {isa = PBXBuildFile; fileRef = 8448D9BA1F5973F0004033DE /* Assets.xcassets */; };
		8448D9BE1F5973F0004033DE /* LaunchScreen.storyboard in Resources */ = {isa = PBXBuildFile; fileRef = 8448D9BC1F5973F0004033DE /* LaunchScreen.storyboard */; };
		84C643611F59748000BA5CC7 /* PickL.framework in Frameworks */ = {isa = PBXBuildFile; fileRef = 847BDB401F59746400EEDE92 /* PickL.framework */; };
/* End PBXBuildFile section */

/* Begin PBXContainerItemProxy section */
		847BDB3F1F59746400EEDE92 /* PBXContainerItemProxy */ = {
			isa = PBXContainerItemProxy;
			containerPortal = 847BDB3B1F59746400EEDE92 /* PickL.xcodeproj */;
			proxyType = 2;
			remoteGlobalIDString = 8448D94F1F596EB4004033DE;
			remoteInfo = PickL;
		};
/* End PBXContainerItemProxy section */

/* Begin PBXFileReference section */
		8448D9B01F5973F0004033DE /* PickLExample.app */ = {isa = PBXFileReference; explicitFileType = wrapper.application; includeInIndex = 0; path = PickLExample.app; sourceTree = BUILT_PRODUCTS_DIR; };
		8448D9B31F5973F0004033DE /* AppDelegate.swift */ = {isa = PBXFileReference; lastKnownFileType = sourcecode.swift; path = AppDelegate.swift; sourceTree = "<group>"; };
		8448D9B51F5973F0004033DE /* ViewController.swift */ = {isa = PBXFileReference; lastKnownFileType = sourcecode.swift; path = ViewController.swift; sourceTree = "<group>"; };
		8448D9B81F5973F0004033DE /* Base */ = {isa = PBXFileReference; lastKnownFileType = file.storyboard; name = Base; path = Base.lproj/Main.storyboard; sourceTree = "<group>"; };
		8448D9BA1F5973F0004033DE /* Assets.xcassets */ = {isa = PBXFileReference; lastKnownFileType = folder.assetcatalog; path = Assets.xcassets; sourceTree = "<group>"; };
		8448D9BD1F5973F0004033DE /* Base */ = {isa = PBXFileReference; lastKnownFileType = file.storyboard; name = Base; path = Base.lproj/LaunchScreen.storyboard; sourceTree = "<group>"; };
		8448D9BF1F5973F0004033DE /* Info.plist */ = {isa = PBXFileReference; lastKnownFileType = text.plist.xml; path = Info.plist; sourceTree = "<group>"; };
		847BDB3B1F59746400EEDE92 /* PickL.xcodeproj */ = {isa = PBXFileReference; lastKnownFileType = "wrapper.pb-project"; name = PickL.xcodeproj; path = ../PickL.xcodeproj; sourceTree = "<group>"; };
/* End PBXFileReference section */

/* Begin PBXFrameworksBuildPhase section */
		8448D9AD1F5973F0004033DE /* Frameworks */ = {
			isa = PBXFrameworksBuildPhase;
			buildActionMask = 2147483647;
			files = (
				84C643611F59748000BA5CC7 /* PickL.framework in Frameworks */,
			);
			runOnlyForDeploymentPostprocessing = 0;
		};
/* End PBXFrameworksBuildPhase section */

/* Begin PBXGroup section */
		8448D9A71F5973F0004033DE = {
			isa = PBXGroup;
			children = (
				847BDB3B1F59746400EEDE92 /* PickL.xcodeproj */,
				8448D9B21F5973F0004033DE /* PickLExample */,
				8448D9B11F5973F0004033DE /* Products */,
			);
			sourceTree = "<group>";
		};
		8448D9B11F5973F0004033DE /* Products */ = {
			isa = PBXGroup;
			children = (
				8448D9B01F5973F0004033DE /* PickLExample.app */,
			);
			name = Products;
			sourceTree = "<group>";
		};
		8448D9B21F5973F0004033DE /* PickLExample */ = {
			isa = PBXGroup;
			children = (
				8448D9B31F5973F0004033DE /* AppDelegate.swift */,
				8448D9B51F5973F0004033DE /* ViewController.swift */,
				8448D9B71F5973F0004033DE /* Main.storyboard */,
				8448D9BA1F5973F0004033DE /* Assets.xcassets */,
				8448D9BC1F5973F0004033DE /* LaunchScreen.storyboard */,
				8448D9BF1F5973F0004033DE /* Info.plist */,
			);
			path = PickLExample;
			sourceTree = "<group>";
		};
		847BDB3C1F59746400EEDE92 /* Products */ = {
			isa = PBXGroup;
			children = (
				847BDB401F59746400EEDE92 /* PickL.framework */,
			);
			name = Products;
			sourceTree = "<group>";
		};
/* End PBXGroup section */

/* Begin PBXNativeTarget section */
		8448D9AF1F5973F0004033DE /* PickLExample */ = {
			isa = PBXNativeTarget;
			buildConfigurationList = 8448D9C21F5973F0004033DE /* Build configuration list for PBXNativeTarget "PickLExample" */;
			buildPhases = (
				8448D9AC1F5973F0004033DE /* Sources */,
				8448D9AD1F5973F0004033DE /* Frameworks */,
				8448D9AE1F5973F0004033DE /* Resources */,
			);
			buildRules = (
			);
			dependencies = (
			);
			name = PickLExample;
			productName = PickLExample;
			productReference = 8448D9B01F5973F0004033DE /* PickLExample.app */;
			productType = "com.apple.product-type.application";
		};
/* End PBXNativeTarget section */

/* Begin PBXProject section */
		8448D9A81F5973F0004033DE /* Project object */ = {
			isa = PBXProject;
			attributes = {
				LastSwiftUpdateCheck = 0900;
				LastUpgradeCheck = 0900;
				ORGANIZATIONNAME = Rosberry;
				TargetAttributes = {
					8448D9AF1F5973F0004033DE = {
						CreatedOnToolsVersion = 9.0;
					};
				};
			};
			buildConfigurationList = 8448D9AB1F5973F0004033DE /* Build configuration list for PBXProject "PickLExample" */;
			compatibilityVersion = "Xcode 8.0";
			developmentRegion = en;
			hasScannedForEncodings = 0;
			knownRegions = (
				en,
				Base,
			);
			mainGroup = 8448D9A71F5973F0004033DE;
			productRefGroup = 8448D9B11F5973F0004033DE /* Products */;
			projectDirPath = "";
			projectReferences = (
				{
					ProductGroup = 847BDB3C1F59746400EEDE92 /* Products */;
					ProjectRef = 847BDB3B1F59746400EEDE92 /* PickL.xcodeproj */;
				},
			);
			projectRoot = "";
			targets = (
				8448D9AF1F5973F0004033DE /* PickLExample */,
			);
		};
/* End PBXProject section */

/* Begin PBXReferenceProxy section */
		847BDB401F59746400EEDE92 /* PickL.framework */ = {
			isa = PBXReferenceProxy;
			fileType = wrapper.framework;
			path = PickL.framework;
			remoteRef = 847BDB3F1F59746400EEDE92 /* PBXContainerItemProxy */;
			sourceTree = BUILT_PRODUCTS_DIR;
		};
/* End PBXReferenceProxy section */

/* Begin PBXResourcesBuildPhase section */
		8448D9AE1F5973F0004033DE /* Resources */ = {
			isa = PBXResourcesBuildPhase;
			buildActionMask = 2147483647;
			files = (
				8448D9BE1F5973F0004033DE /* LaunchScreen.storyboard in Resources */,
				8448D9BB1F5973F0004033DE /* Assets.xcassets in Resources */,
				8448D9B91F5973F0004033DE /* Main.storyboard in Resources */,
			);
			runOnlyForDeploymentPostprocessing = 0;
		};
/* End PBXResourcesBuildPhase section */

/* Begin PBXSourcesBuildPhase section */
		8448D9AC1F5973F0004033DE /* Sources */ = {
			isa = PBXSourcesBuildPhase;
			buildActionMask = 2147483647;
			files = (
				8448D9B61F5973F0004033DE /* ViewController.swift in Sources */,
				8448D9B41F5973F0004033DE /* AppDelegate.swift in Sources */,
			);
			runOnlyForDeploymentPostprocessing = 0;
		};
/* End PBXSourcesBuildPhase section */

/* Begin PBXVariantGroup section */
		8448D9B71F5973F0004033DE /* Main.storyboard */ = {
			isa = PBXVariantGroup;
			children = (
				8448D9B81F5973F0004033DE /* Base */,
			);
			name = Main.storyboard;
			sourceTree = "<group>";
		};
		8448D9BC1F5973F0004033DE /* LaunchScreen.storyboard */ = {
			isa = PBXVariantGroup;
			children = (
				8448D9BD1F5973F0004033DE /* Base */,
			);
			name = LaunchScreen.storyboard;
			sourceTree = "<group>";
		};
/* End PBXVariantGroup section */

/* Begin XCBuildConfiguration section */
		8448D9C01F5973F0004033DE /* Debug */ = {
			isa = XCBuildConfiguration;
			buildSettings = {
				ALWAYS_SEARCH_USER_PATHS = NO;
				CLANG_ANALYZER_NONNULL = YES;
				CLANG_ANALYZER_NUMBER_OBJECT_CONVERSION = YES_AGGRESSIVE;
				CLANG_CXX_LANGUAGE_STANDARD = "gnu++14";
				CLANG_CXX_LIBRARY = "libc++";
				CLANG_ENABLE_MODULES = YES;
				CLANG_ENABLE_OBJC_ARC = YES;
				CLANG_WARN_BLOCK_CAPTURE_AUTORELEASING = YES;
				CLANG_WARN_BOOL_CONVERSION = YES;
				CLANG_WARN_COMMA = YES;
				CLANG_WARN_CONSTANT_CONVERSION = YES;
				CLANG_WARN_DIRECT_OBJC_ISA_USAGE = YES_ERROR;
				CLANG_WARN_DOCUMENTATION_COMMENTS = YES;
				CLANG_WARN_EMPTY_BODY = YES;
				CLANG_WARN_ENUM_CONVERSION = YES;
				CLANG_WARN_INFINITE_RECURSION = YES;
				CLANG_WARN_INT_CONVERSION = YES;
				CLANG_WARN_NON_LITERAL_NULL_CONVERSION = YES;
				CLANG_WARN_OBJC_LITERAL_CONVERSION = YES;
				CLANG_WARN_OBJC_ROOT_CLASS = YES_ERROR;
				CLANG_WARN_RANGE_LOOP_ANALYSIS = YES;
				CLANG_WARN_STRICT_PROTOTYPES = YES;
				CLANG_WARN_SUSPICIOUS_MOVE = YES;
				CLANG_WARN_UNGUARDED_AVAILABILITY = YES_AGGRESSIVE;
				CLANG_WARN_UNREACHABLE_CODE = YES;
				CLANG_WARN__DUPLICATE_METHOD_MATCH = YES;
				CODE_SIGN_IDENTITY = "iPhone Developer";
				COPY_PHASE_STRIP = NO;
				DEBUG_INFORMATION_FORMAT = dwarf;
				ENABLE_STRICT_OBJC_MSGSEND = YES;
				ENABLE_TESTABILITY = YES;
				GCC_C_LANGUAGE_STANDARD = gnu11;
				GCC_DYNAMIC_NO_PIC = NO;
				GCC_NO_COMMON_BLOCKS = YES;
				GCC_OPTIMIZATION_LEVEL = 0;
				GCC_PREPROCESSOR_DEFINITIONS = (
					"DEBUG=1",
					"$(inherited)",
				);
				GCC_WARN_64_TO_32_BIT_CONVERSION = YES;
				GCC_WARN_ABOUT_RETURN_TYPE = YES_ERROR;
				GCC_WARN_UNDECLARED_SELECTOR = YES;
				GCC_WARN_UNINITIALIZED_AUTOS = YES_AGGRESSIVE;
				GCC_WARN_UNUSED_FUNCTION = YES;
				GCC_WARN_UNUSED_VARIABLE = YES;
				IPHONEOS_DEPLOYMENT_TARGET = 11.0;
				MTL_ENABLE_DEBUG_INFO = YES;
				ONLY_ACTIVE_ARCH = YES;
				SDKROOT = iphoneos;
				SWIFT_ACTIVE_COMPILATION_CONDITIONS = DEBUG;
				SWIFT_OPTIMIZATION_LEVEL = "-Onone";
			};
			name = Debug;
		};
		8448D9C11F5973F0004033DE /* Release */ = {
			isa = XCBuildConfiguration;
			buildSettings = {
				ALWAYS_SEARCH_USER_PATHS = NO;
				CLANG_ANALYZER_NONNULL = YES;
				CLANG_ANALYZER_NUMBER_OBJECT_CONVERSION = YES_AGGRESSIVE;
				CLANG_CXX_LANGUAGE_STANDARD = "gnu++14";
				CLANG_CXX_LIBRARY = "libc++";
				CLANG_ENABLE_MODULES = YES;
				CLANG_ENABLE_OBJC_ARC = YES;
				CLANG_WARN_BLOCK_CAPTURE_AUTORELEASING = YES;
				CLANG_WARN_BOOL_CONVERSION = YES;
				CLANG_WARN_COMMA = YES;
				CLANG_WARN_CONSTANT_CONVERSION = YES;
				CLANG_WARN_DIRECT_OBJC_ISA_USAGE = YES_ERROR;
				CLANG_WARN_DOCUMENTATION_COMMENTS = YES;
				CLANG_WARN_EMPTY_BODY = YES;
				CLANG_WARN_ENUM_CONVERSION = YES;
				CLANG_WARN_INFINITE_RECURSION = YES;
				CLANG_WARN_INT_CONVERSION = YES;
				CLANG_WARN_NON_LITERAL_NULL_CONVERSION = YES;
				CLANG_WARN_OBJC_LITERAL_CONVERSION = YES;
				CLANG_WARN_OBJC_ROOT_CLASS = YES_ERROR;
				CLANG_WARN_RANGE_LOOP_ANALYSIS = YES;
				CLANG_WARN_STRICT_PROTOTYPES = YES;
				CLANG_WARN_SUSPICIOUS_MOVE = YES;
				CLANG_WARN_UNGUARDED_AVAILABILITY = YES_AGGRESSIVE;
				CLANG_WARN_UNREACHABLE_CODE = YES;
				CLANG_WARN__DUPLICATE_METHOD_MATCH = YES;
				CODE_SIGN_IDENTITY = "iPhone Developer";
				COPY_PHASE_STRIP = NO;
				DEBUG_INFORMATION_FORMAT = "dwarf-with-dsym";
				ENABLE_NS_ASSERTIONS = NO;
				ENABLE_STRICT_OBJC_MSGSEND = YES;
				GCC_C_LANGUAGE_STANDARD = gnu11;
				GCC_NO_COMMON_BLOCKS = YES;
				GCC_WARN_64_TO_32_BIT_CONVERSION = YES;
				GCC_WARN_ABOUT_RETURN_TYPE = YES_ERROR;
				GCC_WARN_UNDECLARED_SELECTOR = YES;
				GCC_WARN_UNINITIALIZED_AUTOS = YES_AGGRESSIVE;
				GCC_WARN_UNUSED_FUNCTION = YES;
				GCC_WARN_UNUSED_VARIABLE = YES;
				IPHONEOS_DEPLOYMENT_TARGET = 11.0;
				MTL_ENABLE_DEBUG_INFO = NO;
				SDKROOT = iphoneos;
				SWIFT_OPTIMIZATION_LEVEL = "-Owholemodule";
				VALIDATE_PRODUCT = YES;
			};
			name = Release;
		};
		8448D9C31F5973F0004033DE /* Debug */ = {
			isa = XCBuildConfiguration;
			buildSettings = {
				ASSETCATALOG_COMPILER_APPICON_NAME = AppIcon;
				DEVELOPMENT_TEAM = GPVA8JVMU3;
				INFOPLIST_FILE = PickLExample/Info.plist;
				LD_RUNPATH_SEARCH_PATHS = "$(inherited) @executable_path/Frameworks";
				PRODUCT_BUNDLE_IDENTIFIER = com.rosberry.PickLExample;
				PRODUCT_NAME = "$(TARGET_NAME)";
				SWIFT_VERSION = 4.0;
				TARGETED_DEVICE_FAMILY = "1,2";
			};
			name = Debug;
		};
		8448D9C41F5973F0004033DE /* Release */ = {
			isa = XCBuildConfiguration;
			buildSettings = {
				ASSETCATALOG_COMPILER_APPICON_NAME = AppIcon;
				DEVELOPMENT_TEAM = GPVA8JVMU3;
				INFOPLIST_FILE = PickLExample/Info.plist;
				LD_RUNPATH_SEARCH_PATHS = "$(inherited) @executable_path/Frameworks";
				PRODUCT_BUNDLE_IDENTIFIER = com.rosberry.PickLExample;
				PRODUCT_NAME = "$(TARGET_NAME)";
				SWIFT_VERSION = 4.0;
				TARGETED_DEVICE_FAMILY = "1,2";
			};
			name = Release;
		};
/* End XCBuildConfiguration section */

/* Begin XCConfigurationList section */
		8448D9AB1F5973F0004033DE /* Build configuration list for PBXProject "PickLExample" */ = {
			isa = XCConfigurationList;
			buildConfigurations = (
				8448D9C01F5973F0004033DE /* Debug */,
				8448D9C11F5973F0004033DE /* Release */,
			);
			defaultConfigurationIsVisible = 0;
			defaultConfigurationName = Release;
		};
		8448D9C21F5973F0004033DE /* Build configuration list for PBXNativeTarget "PickLExample" */ = {
			isa = XCConfigurationList;
			buildConfigurations = (
				8448D9C31F5973F0004033DE /* Debug */,
				8448D9C41F5973F0004033DE /* Release */,
			);
			defaultConfigurationIsVisible = 0;
			defaultConfigurationName = Release;
		};
/* End XCConfigurationList section */
	};
	rootObject = 8448D9A81F5973F0004033DE /* Project object */;
}
